
Microsoft Visual Studio Solution File, Format Version 12.00
# Visual Studio Version 16
VisualStudioVersion = 16.0.29926.136
MinimumVisualStudioVersion = 10.0.40219.1
Project("{FAE04EC0-301F-11D3-BF4B-00C04F79EFBC}") = "Translator", "Translator\Translator.csproj", "{49AA6295-822A-4E9F-BDD7-444F8DE39A4F}"
EndProject
Project("{FAE04EC0-301F-11D3-BF4B-00C04F79EFBC}") = "Translator_tests", "TranslatorTests\Translator_tests.csproj", "{1374A98B-1E06-49AF-9AE5-BAE534CD7200}"
EndProject
Global
	GlobalSection(SolutionConfigurationPlatforms) = preSolution
		Debug|Any CPU = Debug|Any CPU
		Release|Any CPU = Release|Any CPU
	EndGlobalSection
	GlobalSection(ProjectConfigurationPlatforms) = postSolution
		{49AA6295-822A-4E9F-BDD7-444F8DE39A4F}.Debug|Any CPU.ActiveCfg = Debug|Any CPU
		{49AA6295-822A-4E9F-BDD7-444F8DE39A4F}.Debug|Any CPU.Build.0 = Debug|Any CPU
		{49AA6295-822A-4E9F-BDD7-444F8DE39A4F}.Release|Any CPU.ActiveCfg = Release|Any CPU
		{49AA6295-822A-4E9F-BDD7-444F8DE39A4F}.Release|Any CPU.Build.0 = Release|Any CPU
		{1374A98B-1E06-49AF-9AE5-BAE534CD7200}.Debug|Any CPU.ActiveCfg = Debug|Any CPU
		{1374A98B-1E06-49AF-9AE5-BAE534CD7200}.Debug|Any CPU.Build.0 = Debug|Any CPU
		{1374A98B-1E06-49AF-9AE5-BAE534CD7200}.Release|Any CPU.ActiveCfg = Release|Any CPU
		{1374A98B-1E06-49AF-9AE5-BAE534CD7200}.Release|Any CPU.Build.0 = Release|Any CPU
	EndGlobalSection
	GlobalSection(SolutionProperties) = preSolution
		HideSolutionNode = FALSE
	EndGlobalSection
	GlobalSection(ExtensibilityGlobals) = postSolution
		SolutionGuid = {8D75EA63-EEE2-49D2-BCA7-5E7C9CF74D4B}
	EndGlobalSection
EndGlobal
