
Microsoft Visual Studio Solution File, Format Version 12.00
# Visual Studio Version 16
VisualStudioVersion = 16.0.29911.84
MinimumVisualStudioVersion = 10.0.40219.1
Project("{9A19103F-16F7-4668-BE54-9A1E7A4F7556}") = "CheckIdentifier", "CheckIdentifier\CheckIdentifier.csproj", "{CE5CD659-0FC7-4851-8E42-F5E5F66339C0}"
EndProject
Project("{9A19103F-16F7-4668-BE54-9A1E7A4F7556}") = "CheckIdentifierTests", "CheckIdentifier_tests\CheckIdentifierTests.csproj", "{0DDC4985-F7BE-4F60-99EF-307445697659}"
EndProject
Global
	GlobalSection(SolutionConfigurationPlatforms) = preSolution
		Debug|Any CPU = Debug|Any CPU
		Release|Any CPU = Release|Any CPU
	EndGlobalSection
	GlobalSection(ProjectConfigurationPlatforms) = postSolution
		{CE5CD659-0FC7-4851-8E42-F5E5F66339C0}.Debug|Any CPU.ActiveCfg = Debug|Any CPU
		{CE5CD659-0FC7-4851-8E42-F5E5F66339C0}.Debug|Any CPU.Build.0 = Debug|Any CPU
		{CE5CD659-0FC7-4851-8E42-F5E5F66339C0}.Release|Any CPU.ActiveCfg = Release|Any CPU
		{CE5CD659-0FC7-4851-8E42-F5E5F66339C0}.Release|Any CPU.Build.0 = Release|Any CPU
		{0DDC4985-F7BE-4F60-99EF-307445697659}.Debug|Any CPU.ActiveCfg = Debug|Any CPU
		{0DDC4985-F7BE-4F60-99EF-307445697659}.Debug|Any CPU.Build.0 = Debug|Any CPU
		{0DDC4985-F7BE-4F60-99EF-307445697659}.Release|Any CPU.ActiveCfg = Release|Any CPU
		{0DDC4985-F7BE-4F60-99EF-307445697659}.Release|Any CPU.Build.0 = Release|Any CPU
	EndGlobalSection
	GlobalSection(SolutionProperties) = preSolution
		HideSolutionNode = FALSE
	EndGlobalSection
	GlobalSection(ExtensibilityGlobals) = postSolution
		SolutionGuid = {595DBC43-15CC-438F-837B-06B67CB34FA4}
	EndGlobalSection
EndGlobal
