
Microsoft Visual Studio Solution File, Format Version 12.00
# Visual Studio Version 16
VisualStudioVersion = 16.0.29911.84
MinimumVisualStudioVersion = 10.0.40219.1
Project("{9A19103F-16F7-4668-BE54-9A1E7A4F7556}") = "RemoveExtraBlanks", "RemoveExtraBlanks\RemoveExtraBlanks.csproj", "{9442B0CA-AC91-468E-9134-C30233AAB598}"
EndProject
Project("{9A19103F-16F7-4668-BE54-9A1E7A4F7556}") = "RemoveExtraBlanksTests", "RemoveExtraBlanks_tests\RemoveExtraBlanksTests.csproj", "{81735048-7C53-422B-9BBC-4D53454C8610}"
EndProject
Global
	GlobalSection(SolutionConfigurationPlatforms) = preSolution
		Debug|Any CPU = Debug|Any CPU
		Release|Any CPU = Release|Any CPU
	EndGlobalSection
	GlobalSection(ProjectConfigurationPlatforms) = postSolution
		{9442B0CA-AC91-468E-9134-C30233AAB598}.Debug|Any CPU.ActiveCfg = Debug|Any CPU
		{9442B0CA-AC91-468E-9134-C30233AAB598}.Debug|Any CPU.Build.0 = Debug|Any CPU
		{9442B0CA-AC91-468E-9134-C30233AAB598}.Release|Any CPU.ActiveCfg = Release|Any CPU
		{9442B0CA-AC91-468E-9134-C30233AAB598}.Release|Any CPU.Build.0 = Release|Any CPU
		{81735048-7C53-422B-9BBC-4D53454C8610}.Debug|Any CPU.ActiveCfg = Debug|Any CPU
		{81735048-7C53-422B-9BBC-4D53454C8610}.Debug|Any CPU.Build.0 = Debug|Any CPU
		{81735048-7C53-422B-9BBC-4D53454C8610}.Release|Any CPU.ActiveCfg = Release|Any CPU
		{81735048-7C53-422B-9BBC-4D53454C8610}.Release|Any CPU.Build.0 = Release|Any CPU
	EndGlobalSection
	GlobalSection(SolutionProperties) = preSolution
		HideSolutionNode = FALSE
	EndGlobalSection
	GlobalSection(ExtensibilityGlobals) = postSolution
		SolutionGuid = {D47FF414-CC8A-4EAF-A45D-D71A16DD239B}
	EndGlobalSection
EndGlobal
